<?xml version="1.0" encoding="UTF-8" standalone="yes" ?>
<CodeBlocks_project_file>
	<FileVersion major="1" minor="6" />
	<Project>
		<Option title="SFML" />
		<Option pch_mode="2" />
		<Option compiler="gcc" />
		<Build>
			<Target title="Debug">
				<Option output="bin/Debug/SFML" prefix_auto="1" extension_auto="1" />
				<Option object_output="obj/Debug/" />
				<Option type="1" />
				<Option compiler="gcc" />
				<Compiler>
					<Add option="-g" />
					<Add directory="include" />
				</Compiler>
				<Linker>
					<Add library="sfml-graphics-d" />
					<Add library="sfml-audio-d" />
					<Add library="sfml-network-d" />
					<Add library="sfml-window-d" />
					<Add library="sfml-system-d" />
				</Linker>
			</Target>
			<Target title="Release">
				<Option output="bin/Release/SFML" prefix_auto="1" extension_auto="1" />
				<Option object_output="obj/Release/" />
				<Option type="1" />
				<Option compiler="gcc" />
				<Compiler>
					<Add option="-O2" />
					<Add directory="include" />
				</Compiler>
				<Linker>
					<Add option="-s" />
					<Add library="sfml-graphics" />
					<Add library="sfml-audio" />
					<Add library="sfml-network" />
					<Add library="sfml-window" />
					<Add library="sfml-system" />
				</Linker>
			</Target>
		</Build>
		<Compiler>
			<Add option="-Wall" />
			<Add option="-std=c++0x" />
			<Add option="-std=c++14" />
			<Add option="-fexceptions" />
			<Add directory="D:/mingw_dev_lib/SFML-2.4.2/include" />
		</Compiler>
		<Linker>
			<Add directory="D:/mingw_dev_lib/SFML-2.4.2/lib" />
		</Linker>
		<Unit filename="include/Aircraft.h" />
		<Unit filename="include/Application.h" />
		<Unit filename="include/Category.h" />
		<Unit filename="include/Command.h" />
		<Unit filename="include/CommandQueue.h" />
		<Unit filename="include/Entity.h" />
		<Unit filename="include/Foreach.h" />
		<Unit filename="include/GameState.h" />
		<Unit filename="include/LoadingState.h" />
		<Unit filename="include/MenuState.h" />
		<Unit filename="include/ParallelTask.h" />
		<Unit filename="include/PauseState.h" />
		<Unit filename="include/Player.h" />
		<Unit filename="include/ResourceHolder.h" />
		<Unit filename="include/ResourceHolder.inl" />
		<Unit filename="include/ResourceIdentifiers.h" />
		<Unit filename="include/SceneNode.h" />
		<Unit filename="include/SpriteNode.h" />
		<Unit filename="include/State.h" />
		<Unit filename="include/StateIdentifiers.h" />
		<Unit filename="include/StateStack.h" />
		<Unit filename="include/TitleState.h" />
		<Unit filename="include/Utility.h" />
		<Unit filename="include/Utility.inl" />
		<Unit filename="include/World.h" />
		<Unit filename="openal32.dll" />
		<Unit filename="sfml-audio-2.dll" />
		<Unit filename="sfml-audio-d-2.dll" />
		<Unit filename="sfml-graphics-2.dll" />
		<Unit filename="sfml-graphics-d-2.dll" />
		<Unit filename="sfml-network-2.dll" />
		<Unit filename="sfml-network-d-2.dll" />
		<Unit filename="sfml-system-2.dll" />
		<Unit filename="sfml-system-d-2.dll" />
		<Unit filename="sfml-window-2.dll" />
		<Unit filename="sfml-window-d-2.dll" />
		<Unit filename="src/Aircraft.cpp" />
		<Unit filename="src/Application.cpp" />
		<Unit filename="src/Command.cpp" />
		<Unit filename="src/CommandQueue.cpp" />
		<Unit filename="src/Entity.cpp" />
		<Unit filename="src/GameState.cpp" />
		<Unit filename="src/LoadingState.cpp" />
		<Unit filename="src/Main.cpp" />
		<Unit filename="src/MenuState.cpp" />
		<Unit filename="src/ParallelTask.cpp" />
		<Unit filename="src/PauseState.cpp" />
		<Unit filename="src/Player.cpp" />
		<Unit filename="src/SceneNode.cpp" />
		<Unit filename="src/SpriteNode.cpp" />
		<Unit filename="src/State.cpp" />
		<Unit filename="src/StateStack.cpp" />
		<Unit filename="src/TitleState.cpp" />
		<Unit filename="src/Utility.cpp" />
		<Unit filename="src/World.cpp" />
		<Extensions>
			<code_completion />
			<envvars />
			<debugger />
			<lib_finder disable_auto="1" />
		</Extensions>
	</Project>
</CodeBlocks_project_file>
